
Microsoft Visual Studio Solution File, Format Version 12.00
# Visual Studio Version 16
VisualStudioVersion = 16.0.34114.132
MinimumVisualStudioVersion = 10.0.40219.1
Project("{FAE04EC0-301F-11D3-BF4B-00C04F79EFBC}") = "SalesWebMvc", "SalesWebMvc\SalesWebMvc.csproj", "{93FB42D8-796E-438F-A0C9-FF3F73093489}"
EndProject
Global
	GlobalSection(SolutionConfigurationPlatforms) = preSolution
		Debug|Any CPU = Debug|Any CPU
		Release|Any CPU = Release|Any CPU
	EndGlobalSection
	GlobalSection(ProjectConfigurationPlatforms) = postSolution
		{93FB42D8-796E-438F-A0C9-FF3F73093489}.Debug|Any CPU.ActiveCfg = Debug|Any CPU
		{93FB42D8-796E-438F-A0C9-FF3F73093489}.Debug|Any CPU.Build.0 = Debug|Any CPU
		{93FB42D8-796E-438F-A0C9-FF3F73093489}.Release|Any CPU.ActiveCfg = Release|Any CPU
		{93FB42D8-796E-438F-A0C9-FF3F73093489}.Release|Any CPU.Build.0 = Release|Any CPU
	EndGlobalSection
	GlobalSection(SolutionProperties) = preSolution
		HideSolutionNode = FALSE
	EndGlobalSection
	GlobalSection(ExtensibilityGlobals) = postSolution
		SolutionGuid = {B39FF52F-74B8-4217-B757-5044C4D18BC9}
	EndGlobalSection
EndGlobal
